// !$*UTF8*$!
{
	archiveVersion = 1;
	classes = {
	};
	objectVersion = 50;
	objects = {

/* Begin PBXBuildFile section */
		9F04772922D0D25F00800B51 /* TableViewController.swift in Sources */ = {isa = PBXBuildFile; fileRef = 9F04772822D0D25F00800B51 /* TableViewController.swift */; };
		9F1137D122EC0EEA00684BA5 /* Operations.swift in Sources */ = {isa = PBXBuildFile; fileRef = 9F1137D022EC0EEA00684BA5 /* Operations.swift */; };
		9F1FA0C022DE170200B68450 /* TCellView.swift in Sources */ = {isa = PBXBuildFile; fileRef = 9F1FA0BF22DE170200B68450 /* TCellView.swift */; };
		9F335E8322CDBCDB00F82A91 /* AppDelegate.swift in Sources */ = {isa = PBXBuildFile; fileRef = 9F335E8222CDBCDB00F82A91 /* AppDelegate.swift */; };
		9F335E8822CDBCDB00F82A91 /* Main.storyboard in Resources */ = {isa = PBXBuildFile; fileRef = 9F335E8622CDBCDB00F82A91 /* Main.storyboard */; };
		9F335E8A22CDBCDD00F82A91 /* Assets.xcassets in Resources */ = {isa = PBXBuildFile; fileRef = 9F335E8922CDBCDD00F82A91 /* Assets.xcassets */; };
		9F335E8D22CDBCDD00F82A91 /* LaunchScreen.storyboard in Resources */ = {isa = PBXBuildFile; fileRef = 9F335E8B22CDBCDD00F82A91 /* LaunchScreen.storyboard */; };
/* End PBXBuildFile section */

/* Begin PBXFileReference section */
		9F04772822D0D25F00800B51 /* TableViewController.swift */ = {isa = PBXFileReference; lastKnownFileType = sourcecode.swift; path = TableViewController.swift; sourceTree = "<group>"; };
		9F1137D022EC0EEA00684BA5 /* Operations.swift */ = {isa = PBXFileReference; lastKnownFileType = sourcecode.swift; path = Operations.swift; sourceTree = "<group>"; };
		9F1FA0BF22DE170200B68450 /* TCellView.swift */ = {isa = PBXFileReference; lastKnownFileType = sourcecode.swift; path = TCellView.swift; sourceTree = "<group>"; };
		9F335E7F22CDBCDB00F82A91 /* GrandPlayGround.app */ = {isa = PBXFileReference; explicitFileType = wrapper.application; includeInIndex = 0; path = GrandPlayGround.app; sourceTree = BUILT_PRODUCTS_DIR; };
		9F335E8222CDBCDB00F82A91 /* AppDelegate.swift */ = {isa = PBXFileReference; lastKnownFileType = sourcecode.swift; path = AppDelegate.swift; sourceTree = "<group>"; };
		9F335E8722CDBCDB00F82A91 /* Base */ = {isa = PBXFileReference; lastKnownFileType = file.storyboard; name = Base; path = Base.lproj/Main.storyboard; sourceTree = "<group>"; };
		9F335E8922CDBCDD00F82A91 /* Assets.xcassets */ = {isa = PBXFileReference; lastKnownFileType = folder.assetcatalog; path = Assets.xcassets; sourceTree = "<group>"; };
		9F335E8C22CDBCDD00F82A91 /* Base */ = {isa = PBXFileReference; lastKnownFileType = file.storyboard; name = Base; path = Base.lproj/LaunchScreen.storyboard; sourceTree = "<group>"; };
		9F335E8E22CDBCDD00F82A91 /* Info.plist */ = {isa = PBXFileReference; lastKnownFileType = text.plist.xml; path = Info.plist; sourceTree = "<group>"; };
/* End PBXFileReference section */

/* Begin PBXFrameworksBuildPhase section */
		9F335E7C22CDBCDB00F82A91 /* Frameworks */ = {
			isa = PBXFrameworksBuildPhase;
			buildActionMask = 2147483647;
			files = (
			);
			runOnlyForDeploymentPostprocessing = 0;
		};
/* End PBXFrameworksBuildPhase section */

/* Begin PBXGroup section */
		9F335E7622CDBCDB00F82A91 = {
			isa = PBXGroup;
			children = (
				9F335E8122CDBCDB00F82A91 /* GrandPlayGround */,
				9F335E8022CDBCDB00F82A91 /* Products */,
			);
			sourceTree = "<group>";
		};
		9F335E8022CDBCDB00F82A91 /* Products */ = {
			isa = PBXGroup;
			children = (
				9F335E7F22CDBCDB00F82A91 /* GrandPlayGround.app */,
			);
			name = Products;
			sourceTree = "<group>";
		};
		9F335E8122CDBCDB00F82A91 /* GrandPlayGround */ = {
			isa = PBXGroup;
			children = (
				9F335E8222CDBCDB00F82A91 /* AppDelegate.swift */,
				9F04772822D0D25F00800B51 /* TableViewController.swift */,
				9F1FA0BF22DE170200B68450 /* TCellView.swift */,
				9F1137D022EC0EEA00684BA5 /* Operations.swift */,
				9F335E8622CDBCDB00F82A91 /* Main.storyboard */,
				9F335E8922CDBCDD00F82A91 /* Assets.xcassets */,
				9F335E8B22CDBCDD00F82A91 /* LaunchScreen.storyboard */,
				9F335E8E22CDBCDD00F82A91 /* Info.plist */,
			);
			path = GrandPlayGround;
			sourceTree = "<group>";
		};
/* End PBXGroup section */

/* Begin PBXNativeTarget section */
		9F335E7E22CDBCDB00F82A91 /* GrandPlayGround */ = {
			isa = PBXNativeTarget;
			buildConfigurationList = 9F335E9122CDBCDD00F82A91 /* Build configuration list for PBXNativeTarget "GrandPlayGround" */;
			buildPhases = (
				9F335E7B22CDBCDB00F82A91 /* Sources */,
				9F335E7C22CDBCDB00F82A91 /* Frameworks */,
				9F335E7D22CDBCDB00F82A91 /* Resources */,
			);
			buildRules = (
			);
			dependencies = (
			);
			name = GrandPlayGround;
			productName = GrandPlayGround;
			productReference = 9F335E7F22CDBCDB00F82A91 /* GrandPlayGround.app */;
			productType = "com.apple.product-type.application";
		};
/* End PBXNativeTarget section */

/* Begin PBXProject section */
		9F335E7722CDBCDB00F82A91 /* Project object */ = {
			isa = PBXProject;
			attributes = {
				LastSwiftUpdateCheck = 1020;
				LastUpgradeCheck = 1020;
				ORGANIZATIONNAME = Hossam;
				TargetAttributes = {
					9F335E7E22CDBCDB00F82A91 = {
						CreatedOnToolsVersion = 10.2.1;
					};
				};
			};
			buildConfigurationList = 9F335E7A22CDBCDB00F82A91 /* Build configuration list for PBXProject "GrandPlayGround" */;
			compatibilityVersion = "Xcode 9.3";
			developmentRegion = en;
			hasScannedForEncodings = 0;
			knownRegions = (
				en,
				Base,
			);
			mainGroup = 9F335E7622CDBCDB00F82A91;
			productRefGroup = 9F335E8022CDBCDB00F82A91 /* Products */;
			projectDirPath = "";
			projectRoot = "";
			targets = (
				9F335E7E22CDBCDB00F82A91 /* GrandPlayGround */,
			);
		};
/* End PBXProject section */

/* Begin PBXResourcesBuildPhase section */
		9F335E7D22CDBCDB00F82A91 /* Resources */ = {
			isa = PBXResourcesBuildPhase;
			buildActionMask = 2147483647;
			files = (
				9F335E8D22CDBCDD00F82A91 /* LaunchScreen.storyboard in Resources */,
				9F335E8A22CDBCDD00F82A91 /* Assets.xcassets in Resources */,
				9F335E8822CDBCDB00F82A91 /* Main.storyboard in Resources */,
			);
			runOnlyForDeploymentPostprocessing = 0;
		};
/* End PBXResourcesBuildPhase section */

/* Begin PBXSourcesBuildPhase section */
		9F335E7B22CDBCDB00F82A91 /* Sources */ = {
			isa = PBXSourcesBuildPhase;
			buildActionMask = 2147483647;
			files = (
				9F335E8322CDBCDB00F82A91 /* AppDelegate.swift in Sources */,
				9F04772922D0D25F00800B51 /* TableViewController.swift in Sources */,
				9F1FA0C022DE170200B68450 /* TCellView.swift in Sources */,
				9F1137D122EC0EEA00684BA5 /* Operations.swift in Sources */,
			);
			runOnlyForDeploymentPostprocessing = 0;
		};
/* End PBXSourcesBuildPhase section */

/* Begin PBXVariantGroup section */
		9F335E8622CDBCDB00F82A91 /* Main.storyboard */ = {
			isa = PBXVariantGroup;
			children = (
				9F335E8722CDBCDB00F82A91 /* Base */,
			);
			name = Main.storyboard;
			sourceTree = "<group>";
		};
		9F335E8B22CDBCDD00F82A91 /* LaunchScreen.storyboard */ = {
			isa = PBXVariantGroup;
			children = (
				9F335E8C22CDBCDD00F82A91 /* Base */,
			);
			name = LaunchScreen.storyboard;
			sourceTree = "<group>";
		};
/* End PBXVariantGroup section */

/* Begin XCBuildConfiguration section */
		9F335E8F22CDBCDD00F82A91 /* Debug */ = {
			isa = XCBuildConfiguration;
			buildSettings = {
				ALWAYS_SEARCH_USER_PATHS = NO;
				CLANG_ANALYZER_NONNULL = YES;
				CLANG_ANALYZER_NUMBER_OBJECT_CONVERSION = YES_AGGRESSIVE;
				CLANG_CXX_LANGUAGE_STANDARD = "gnu++14";
				CLANG_CXX_LIBRARY = "libc++";
				CLANG_ENABLE_MODULES = YES;
				CLANG_ENABLE_OBJC_ARC = YES;
				CLANG_ENABLE_OBJC_WEAK = YES;
				CLANG_WARN_BLOCK_CAPTURE_AUTORELEASING = YES;
				CLANG_WARN_BOOL_CONVERSION = YES;
				CLANG_WARN_COMMA = YES;
				CLANG_WARN_CONSTANT_CONVERSION = YES;
				CLANG_WARN_DEPRECATED_OBJC_IMPLEMENTATIONS = YES;
				CLANG_WARN_DIRECT_OBJC_ISA_USAGE = YES_ERROR;
				CLANG_WARN_DOCUMENTATION_COMMENTS = YES;
				CLANG_WARN_EMPTY_BODY = YES;
				CLANG_WARN_ENUM_CONVERSION = YES;
				CLANG_WARN_INFINITE_RECURSION = YES;
				CLANG_WARN_INT_CONVERSION = YES;
				CLANG_WARN_NON_LITERAL_NULL_CONVERSION = YES;
				CLANG_WARN_OBJC_IMPLICIT_RETAIN_SELF = YES;
				CLANG_WARN_OBJC_LITERAL_CONVERSION = YES;
				CLANG_WARN_OBJC_ROOT_CLASS = YES_ERROR;
				CLANG_WARN_RANGE_LOOP_ANALYSIS = YES;
				CLANG_WARN_STRICT_PROTOTYPES = YES;
				CLANG_WARN_SUSPICIOUS_MOVE = YES;
				CLANG_WARN_UNGUARDED_AVAILABILITY = YES_AGGRESSIVE;
				CLANG_WARN_UNREACHABLE_CODE = YES;
				CLANG_WARN__DUPLICATE_METHOD_MATCH = YES;
				CODE_SIGN_IDENTITY = "iPhone Developer";
				COPY_PHASE_STRIP = NO;
				DEBUG_INFORMATION_FORMAT = dwarf;
				ENABLE_STRICT_OBJC_MSGSEND = YES;
				ENABLE_TESTABILITY = YES;
				GCC_C_LANGUAGE_STANDARD = gnu11;
				GCC_DYNAMIC_NO_PIC = NO;
				GCC_NO_COMMON_BLOCKS = YES;
				GCC_OPTIMIZATION_LEVEL = 0;
				GCC_PREPROCESSOR_DEFINITIONS = (
					"DEBUG=1",
					"$(inherited)",
				);
				GCC_WARN_64_TO_32_BIT_CONVERSION = YES;
				GCC_WARN_ABOUT_RETURN_TYPE = YES_ERROR;
				GCC_WARN_UNDECLARED_SELECTOR = YES;
				GCC_WARN_UNINITIALIZED_AUTOS = YES_AGGRESSIVE;
				GCC_WARN_UNUSED_FUNCTION = YES;
				GCC_WARN_UNUSED_VARIABLE = YES;
				IPHONEOS_DEPLOYMENT_TARGET = 12.2;
				MTL_ENABLE_DEBUG_INFO = INCLUDE_SOURCE;
				MTL_FAST_MATH = YES;
				ONLY_ACTIVE_ARCH = YES;
				SDKROOT = iphoneos;
				SWIFT_ACTIVE_COMPILATION_CONDITIONS = DEBUG;
				SWIFT_OPTIMIZATION_LEVEL = "-Onone";
			};
			name = Debug;
		};
		9F335E9022CDBCDD00F82A91 /* Release */ = {
			isa = XCBuildConfiguration;
			buildSettings = {
				ALWAYS_SEARCH_USER_PATHS = NO;
				CLANG_ANALYZER_NONNULL = YES;
				CLANG_ANALYZER_NUMBER_OBJECT_CONVERSION = YES_AGGRESSIVE;
				CLANG_CXX_LANGUAGE_STANDARD = "gnu++14";
				CLANG_CXX_LIBRARY = "libc++";
				CLANG_ENABLE_MODULES = YES;
				CLANG_ENABLE_OBJC_ARC = YES;
				CLANG_ENABLE_OBJC_WEAK = YES;
				CLANG_WARN_BLOCK_CAPTURE_AUTORELEASING = YES;
				CLANG_WARN_BOOL_CONVERSION = YES;
				CLANG_WARN_COMMA = YES;
				CLANG_WARN_CONSTANT_CONVERSION = YES;
				CLANG_WARN_DEPRECATED_OBJC_IMPLEMENTATIONS = YES;
				CLANG_WARN_DIRECT_OBJC_ISA_USAGE = YES_ERROR;
				CLANG_WARN_DOCUMENTATION_COMMENTS = YES;
				CLANG_WARN_EMPTY_BODY = YES;
				CLANG_WARN_ENUM_CONVERSION = YES;
				CLANG_WARN_INFINITE_RECURSION = YES;
				CLANG_WARN_INT_CONVERSION = YES;
				CLANG_WARN_NON_LITERAL_NULL_CONVERSION = YES;
				CLANG_WARN_OBJC_IMPLICIT_RETAIN_SELF = YES;
				CLANG_WARN_OBJC_LITERAL_CONVERSION = YES;
				CLANG_WARN_OBJC_ROOT_CLASS = YES_ERROR;
				CLANG_WARN_RANGE_LOOP_ANALYSIS = YES;
				CLANG_WARN_STRICT_PROTOTYPES = YES;
				CLANG_WARN_SUSPICIOUS_MOVE = YES;
				CLANG_WARN_UNGUARDED_AVAILABILITY = YES_AGGRESSIVE;
				CLANG_WARN_UNREACHABLE_CODE = YES;
				CLANG_WARN__DUPLICATE_METHOD_MATCH = YES;
				CODE_SIGN_IDENTITY = "iPhone Developer";
				COPY_PHASE_STRIP = NO;
				DEBUG_INFORMATION_FORMAT = "dwarf-with-dsym";
				ENABLE_NS_ASSERTIONS = NO;
				ENABLE_STRICT_OBJC_MSGSEND = YES;
				GCC_C_LANGUAGE_STANDARD = gnu11;
				GCC_NO_COMMON_BLOCKS = YES;
				GCC_WARN_64_TO_32_BIT_CONVERSION = YES;
				GCC_WARN_ABOUT_RETURN_TYPE = YES_ERROR;
				GCC_WARN_UNDECLARED_SELECTOR = YES;
				GCC_WARN_UNINITIALIZED_AUTOS = YES_AGGRESSIVE;
				GCC_WARN_UNUSED_FUNCTION = YES;
				GCC_WARN_UNUSED_VARIABLE = YES;
				IPHONEOS_DEPLOYMENT_TARGET = 12.2;
				MTL_ENABLE_DEBUG_INFO = NO;
				MTL_FAST_MATH = YES;
				SDKROOT = iphoneos;
				SWIFT_COMPILATION_MODE = wholemodule;
				SWIFT_OPTIMIZATION_LEVEL = "-O";
				VALIDATE_PRODUCT = YES;
			};
			name = Release;
		};
		9F335E9222CDBCDD00F82A91 /* Debug */ = {
			isa = XCBuildConfiguration;
			buildSettings = {
				ASSETCATALOG_COMPILER_APPICON_NAME = AppIcon;
				CODE_SIGN_STYLE = Automatic;
				DEVELOPMENT_TEAM = AHJJ77N3U7;
				INFOPLIST_FILE = GrandPlayGround/Info.plist;
				LD_RUNPATH_SEARCH_PATHS = (
					"$(inherited)",
					"@executable_path/Frameworks",
				);
				PRODUCT_BUNDLE_IDENTIFIER = BOCS.GrandPlayGround;
				PRODUCT_NAME = "$(TARGET_NAME)";
				SWIFT_VERSION = 5.0;
				TARGETED_DEVICE_FAMILY = "1,2";
			};
			name = Debug;
		};
		9F335E9322CDBCDD00F82A91 /* Release */ = {
			isa = XCBuildConfiguration;
			buildSettings = {
				ASSETCATALOG_COMPILER_APPICON_NAME = AppIcon;
				CODE_SIGN_STYLE = Automatic;
				DEVELOPMENT_TEAM = AHJJ77N3U7;
				INFOPLIST_FILE = GrandPlayGround/Info.plist;
				LD_RUNPATH_SEARCH_PATHS = (
					"$(inherited)",
					"@executable_path/Frameworks",
				);
				PRODUCT_BUNDLE_IDENTIFIER = BOCS.GrandPlayGround;
				PRODUCT_NAME = "$(TARGET_NAME)";
				SWIFT_VERSION = 5.0;
				TARGETED_DEVICE_FAMILY = "1,2";
			};
			name = Release;
		};
/* End XCBuildConfiguration section */

/* Begin XCConfigurationList section */
		9F335E7A22CDBCDB00F82A91 /* Build configuration list for PBXProject "GrandPlayGround" */ = {
			isa = XCConfigurationList;
			buildConfigurations = (
				9F335E8F22CDBCDD00F82A91 /* Debug */,
				9F335E9022CDBCDD00F82A91 /* Release */,
			);
			defaultConfigurationIsVisible = 0;
			defaultConfigurationName = Release;
		};
		9F335E9122CDBCDD00F82A91 /* Build configuration list for PBXNativeTarget "GrandPlayGround" */ = {
			isa = XCConfigurationList;
			buildConfigurations = (
				9F335E9222CDBCDD00F82A91 /* Debug */,
				9F335E9322CDBCDD00F82A91 /* Release */,
			);
			defaultConfigurationIsVisible = 0;
			defaultConfigurationName = Release;
		};
/* End XCConfigurationList section */
	};
	rootObject = 9F335E7722CDBCDB00F82A91 /* Project object */;
}
